
Microsoft Visual Studio Solution File, Format Version 12.00
# Visual Studio 15
VisualStudioVersion = 15.0.28307.1340
MinimumVisualStudioVersion = 10.0.40219.1
Project("{FAE04EC0-301F-11D3-BF4B-00C04F79EFBC}") = "ChattingServer", "ChattingServer\ChattingServer.csproj", "{F232E4EA-AECC-423F-AC58-3220F0311A7A}"
EndProject
Project("{FAE04EC0-301F-11D3-BF4B-00C04F79EFBC}") = "ChattingClient", "..\ChattingClient\ChattingClient\ChattingClient.csproj", "{CC49442F-19B5-46B3-86F1-A219ACC2480F}"
EndProject
Global
	GlobalSection(SolutionConfigurationPlatforms) = preSolution
		Debug|Any CPU = Debug|Any CPU
		Release|Any CPU = Release|Any CPU
	EndGlobalSection
	GlobalSection(ProjectConfigurationPlatforms) = postSolution
		{F232E4EA-AECC-423F-AC58-3220F0311A7A}.Debug|Any CPU.ActiveCfg = Debug|Any CPU
		{F232E4EA-AECC-423F-AC58-3220F0311A7A}.Debug|Any CPU.Build.0 = Debug|Any CPU
		{F232E4EA-AECC-423F-AC58-3220F0311A7A}.Release|Any CPU.ActiveCfg = Release|Any CPU
		{F232E4EA-AECC-423F-AC58-3220F0311A7A}.Release|Any CPU.Build.0 = Release|Any CPU
		{CC49442F-19B5-46B3-86F1-A219ACC2480F}.Debug|Any CPU.ActiveCfg = Debug|Any CPU
		{CC49442F-19B5-46B3-86F1-A219ACC2480F}.Debug|Any CPU.Build.0 = Debug|Any CPU
		{CC49442F-19B5-46B3-86F1-A219ACC2480F}.Release|Any CPU.ActiveCfg = Release|Any CPU
		{CC49442F-19B5-46B3-86F1-A219ACC2480F}.Release|Any CPU.Build.0 = Release|Any CPU
	EndGlobalSection
	GlobalSection(SolutionProperties) = preSolution
		HideSolutionNode = FALSE
	EndGlobalSection
	GlobalSection(ExtensibilityGlobals) = postSolution
		SolutionGuid = {B0ED9ACC-B946-4760-AF6D-6B52E0AC3BEE}
	EndGlobalSection
EndGlobal
